
Microsoft Visual Studio Solution File, Format Version 12.00
# Visual Studio 15
VisualStudioVersion = 15.0.26730.15
MinimumVisualStudioVersion = 10.0.40219.1
Project("{9A19103F-16F7-4668-BE54-9A1E7A4F7556}") = "Poseidon", "Poseidon\Poseidon.csproj", "{838ABF1C-A9A9-436A-AF25-5ED216097AA5}"
EndProject
Project("{9A19103F-16F7-4668-BE54-9A1E7A4F7556}") = "PoseidonFA", "PoseidonFA\PoseidonFA.csproj", "{1DAB7473-D26F-4C2D-9420-D10A682EB1C5}"
EndProject
Project("{2150E333-8FDC-42A3-9474-1A3956D46DE8}") = "Solution Items", "Solution Items", "{41675DFC-8307-469C-979A-B2BFA1B09E11}"
	ProjectSection(SolutionItems) = preProject
		azuredeploy.json = azuredeploy.json
	EndProjectSection
EndProject
Project("{151D2E53-A2C4-4D7D-83FE-D05416EBD58E}") = "PoseidonRG", "PoseidonRG\PoseidonRG.deployproj", "{3CB66D19-A331-4DC8-A5A1-786E04D9D9F1}"
EndProject
Global
	GlobalSection(SolutionConfigurationPlatforms) = preSolution
		Debug|Any CPU = Debug|Any CPU
		Release|Any CPU = Release|Any CPU
	EndGlobalSection
	GlobalSection(ProjectConfigurationPlatforms) = postSolution
		{838ABF1C-A9A9-436A-AF25-5ED216097AA5}.Debug|Any CPU.ActiveCfg = Debug|Any CPU
		{838ABF1C-A9A9-436A-AF25-5ED216097AA5}.Debug|Any CPU.Build.0 = Debug|Any CPU
		{838ABF1C-A9A9-436A-AF25-5ED216097AA5}.Release|Any CPU.ActiveCfg = Release|Any CPU
		{838ABF1C-A9A9-436A-AF25-5ED216097AA5}.Release|Any CPU.Build.0 = Release|Any CPU
		{1DAB7473-D26F-4C2D-9420-D10A682EB1C5}.Debug|Any CPU.ActiveCfg = Debug|Any CPU
		{1DAB7473-D26F-4C2D-9420-D10A682EB1C5}.Debug|Any CPU.Build.0 = Debug|Any CPU
		{1DAB7473-D26F-4C2D-9420-D10A682EB1C5}.Release|Any CPU.ActiveCfg = Release|Any CPU
		{1DAB7473-D26F-4C2D-9420-D10A682EB1C5}.Release|Any CPU.Build.0 = Release|Any CPU
		{3CB66D19-A331-4DC8-A5A1-786E04D9D9F1}.Debug|Any CPU.ActiveCfg = Debug|Any CPU
		{3CB66D19-A331-4DC8-A5A1-786E04D9D9F1}.Debug|Any CPU.Build.0 = Debug|Any CPU
		{3CB66D19-A331-4DC8-A5A1-786E04D9D9F1}.Release|Any CPU.ActiveCfg = Release|Any CPU
		{3CB66D19-A331-4DC8-A5A1-786E04D9D9F1}.Release|Any CPU.Build.0 = Release|Any CPU
	EndGlobalSection
	GlobalSection(SolutionProperties) = preSolution
		HideSolutionNode = FALSE
	EndGlobalSection
	GlobalSection(ExtensibilityGlobals) = postSolution
		SolutionGuid = {C7ED45D3-566E-4B8E-BD68-9114C79600D8}
	EndGlobalSection
EndGlobal
